
Microsoft Visual Studio Solution File, Format Version 12.00
# Visual Studio 14
VisualStudioVersion = 14.0.24720.0
MinimumVisualStudioVersion = 10.0.40219.1
Project("{E24C65DC-7377-472B-9ABA-BC803B73C61A}") = "Hoteleria", ".", "{CC61D621-636F-4A1A-8A78-3A9D5BAC8F48}"
	ProjectSection(WebsiteProperties) = preProject
		TargetFrameworkMoniker = ".NETFramework,Version%3Dv4.5"
		Debug.AspNetCompiler.VirtualPath = "/localhost_58431"
		Debug.AspNetCompiler.PhysicalPath = "..\Hoteleria\"
		Debug.AspNetCompiler.TargetPath = "PrecompiledWeb\localhost_58431\"
		Debug.AspNetCompiler.Updateable = "true"
		Debug.AspNetCompiler.ForceOverwrite = "true"
		Debug.AspNetCompiler.FixedNames = "false"
		Debug.AspNetCompiler.Debug = "True"
		Release.AspNetCompiler.VirtualPath = "/localhost_58431"
		Release.AspNetCompiler.PhysicalPath = "..\Hoteleria\"
		Release.AspNetCompiler.TargetPath = "PrecompiledWeb\localhost_58431\"
		Release.AspNetCompiler.Updateable = "true"
		Release.AspNetCompiler.ForceOverwrite = "true"
		Release.AspNetCompiler.FixedNames = "false"
		Release.AspNetCompiler.Debug = "False"
		VWDPort = "58431"
		SlnRelativePath = "..\Hoteleria\"
	EndProjectSection
EndProject
Global
	GlobalSection(SolutionConfigurationPlatforms) = preSolution
		Debug|Any CPU = Debug|Any CPU
	EndGlobalSection
	GlobalSection(ProjectConfigurationPlatforms) = postSolution
		{CC61D621-636F-4A1A-8A78-3A9D5BAC8F48}.Debug|Any CPU.ActiveCfg = Debug|Any CPU
		{CC61D621-636F-4A1A-8A78-3A9D5BAC8F48}.Debug|Any CPU.Build.0 = Debug|Any CPU
	EndGlobalSection
	GlobalSection(SolutionProperties) = preSolution
		HideSolutionNode = FALSE
	EndGlobalSection
EndGlobal
